Microsoft Visual Studio Solution File, Format Version 11.00
# Visual Studio 2008

Project("{F3FB3EAE-1984-4B4D-A4E3-B01591BADCBE}") = "city_blocks", "Assembly-CSharp-firstpass-vs.csproj", "{9D328184-F3D5-F5E1-DCE3-8E4151F7BB75}"
EndProject
Project("{F3FB3EAE-1984-4B4D-A4E3-B01591BADCBE}") = "city_blocks", "Assembly-CSharp-vs.csproj", "{90715EF2-0EE6-1758-CB23-9EE401152275}"
EndProject
Global
	GlobalSection(SolutionConfigurationPlatforms) = preSolution
		Debug|Any CPU = Debug|Any CPU
		Release|Any CPU = Release|Any CPU
	EndGlobalSection
	GlobalSection(ProjectConfigurationPlatforms) = postSolution
		{9D328184-F3D5-F5E1-DCE3-8E4151F7BB75}.Debug|Any CPU.ActiveCfg = Debug|Any CPU
		{9D328184-F3D5-F5E1-DCE3-8E4151F7BB75}.Debug|Any CPU.Build.0 = Debug|Any CPU
		{9D328184-F3D5-F5E1-DCE3-8E4151F7BB75}.Release|Any CPU.ActiveCfg = Release|Any CPU
		{9D328184-F3D5-F5E1-DCE3-8E4151F7BB75}.Release|Any CPU.Build.0 = Release|Any CPU
		{90715EF2-0EE6-1758-CB23-9EE401152275}.Debug|Any CPU.ActiveCfg = Debug|Any CPU
		{90715EF2-0EE6-1758-CB23-9EE401152275}.Debug|Any CPU.Build.0 = Debug|Any CPU
		{90715EF2-0EE6-1758-CB23-9EE401152275}.Release|Any CPU.ActiveCfg = Release|Any CPU
		{90715EF2-0EE6-1758-CB23-9EE401152275}.Release|Any CPU.Build.0 = Release|Any CPU
	EndGlobalSection
	GlobalSection(SolutionProperties) = preSolution
		HideSolutionNode = FALSE
	EndGlobalSection
				GlobalSection(MonoDevelopProperties) = preSolution
		StartupItem = cityblocks.csproj
		Policies = $0
		$0.TextStylePolicy = $1
		$1.inheritsSet = null
		$1.scope = text/x-csharp
		$0.CSharpFormattingPolicy = $2
		$2.inheritsSet = Mono
		$2.inheritsScope = text/x-csharp
		$2.scope = text/x-csharp
		$0.TextStylePolicy = $3
		$3.FileWidth = 120
		$3.TabWidth = 4
		$3.EolMarker = Unix
		$3.inheritsSet = Mono
		$3.inheritsScope = text/plain
		$3.scope = text/plain
	EndGlobalSection

EndGlobal
